
Microsoft Visual Studio Solution File, Format Version 12.00
# Visual Studio for Mac
Project("{FAE04EC0-301F-11D3-BF4B-00C04F79EFBC}") = "Assembly-CSharp", "Assembly-CSharp.csproj", "{BD578320-5201-A037-0AAF-5D1866B53D30}"
EndProject
Project("{FAE04EC0-301F-11D3-BF4B-00C04F79EFBC}") = "Assembly-CSharp-Editor", "Assembly-CSharp-Editor.csproj", "{65D1F672-C7B1-0055-0E4B-16C362387C70}"
EndProject
Global
	GlobalSection(SolutionConfigurationPlatforms) = preSolution
		Debug|Any CPU = Debug|Any CPU
		Release|Any CPU = Release|Any CPU
	EndGlobalSection
	GlobalSection(ProjectConfigurationPlatforms) = postSolution
		{BD578320-5201-A037-0AAF-5D1866B53D30}.Debug|Any CPU.ActiveCfg = Debug|Any CPU
		{BD578320-5201-A037-0AAF-5D1866B53D30}.Debug|Any CPU.Build.0 = Debug|Any CPU
		{BD578320-5201-A037-0AAF-5D1866B53D30}.Release|Any CPU.ActiveCfg = Release|Any CPU
		{BD578320-5201-A037-0AAF-5D1866B53D30}.Release|Any CPU.Build.0 = Release|Any CPU
		{65D1F672-C7B1-0055-0E4B-16C362387C70}.Debug|Any CPU.ActiveCfg = Debug|Any CPU
		{65D1F672-C7B1-0055-0E4B-16C362387C70}.Debug|Any CPU.Build.0 = Debug|Any CPU
		{65D1F672-C7B1-0055-0E4B-16C362387C70}.Release|Any CPU.ActiveCfg = Release|Any CPU
		{65D1F672-C7B1-0055-0E4B-16C362387C70}.Release|Any CPU.Build.0 = Release|Any CPU
	EndGlobalSection
	GlobalSection(SolutionProperties) = preSolution
		HideSolutionNode = FALSE
	EndGlobalSection
EndGlobal
